
Microsoft Visual Studio Solution File, Format Version 12.00
# Visual Studio Version 17
VisualStudioVersion = 17.5.002.0
MinimumVisualStudioVersion = 10.0.40219.1
Project("{9A19103F-16F7-4668-BE54-9A1E7A4F7556}") = "minimal-api", "minimal-api.csproj", "{65317624-1243-42DD-9BA5-29E110FCEF8A}"
EndProject
Global
	GlobalSection(SolutionConfigurationPlatforms) = preSolution
		Debug|Any CPU = Debug|Any CPU
		Release|Any CPU = Release|Any CPU
	EndGlobalSection
	GlobalSection(ProjectConfigurationPlatforms) = postSolution
		{65317624-1243-42DD-9BA5-29E110FCEF8A}.Debug|Any CPU.ActiveCfg = Debug|Any CPU
		{65317624-1243-42DD-9BA5-29E110FCEF8A}.Debug|Any CPU.Build.0 = Debug|Any CPU
		{65317624-1243-42DD-9BA5-29E110FCEF8A}.Release|Any CPU.ActiveCfg = Release|Any CPU
		{65317624-1243-42DD-9BA5-29E110FCEF8A}.Release|Any CPU.Build.0 = Release|Any CPU
	EndGlobalSection
	GlobalSection(SolutionProperties) = preSolution
		HideSolutionNode = FALSE
	EndGlobalSection
	GlobalSection(ExtensibilityGlobals) = postSolution
		SolutionGuid = {9BE8CF4D-DC61-42F0-8B66-1372447044AA}
	EndGlobalSection
EndGlobal
